{
  "name": "will3838_package",
  "version": "1.2.0",
  "lockfileVersion": 2,
  "requires": true,
  "packages": {
    "": {
      "name": "will3838_package",
      "version": "1.2.0",
      "license": "ISC"
    },
    "../../../../../usr/local/lib/node_modules/first-hello-npm": {
      "version": "1.0.0",
      "extraneous": true,
      "license": "ISC"
    }
  }
}
